<?xml version="1.0" encoding="utf-8"?>
<Project ToolsVersion="4.0" xmlns="http://schemas.microsoft.com/developer/msbuild/2003">
  <ItemGroup>
    <Filter Include="Source Files">
      <UniqueIdentifier>{4FC737F1-C7A5-4376-A066-2A32D752A2FF}</UniqueIdentifier>
      <Extensions>cpp;c;cc;cxx;c++;cppm;ixx;def;odl;idl;hpj;bat;asm;asmx</Extensions>
    </Filter>
    <Filter Include="Header Files">
      <UniqueIdentifier>{93995380-89BD-4b04-88EB-625FBE52EBFB}</UniqueIdentifier>
      <Extensions>h;hh;hpp;hxx;h++;hm;inl;inc;ipp;xsd</Extensions>
    </Filter>
    <Filter Include="Resource Files">
      <UniqueIdentifier>{67DA6AB6-F800-4c08-8B7A-83BB121AAD01}</UniqueIdentifier>
      <Extensions>rc;ico;cur;bmp;dlg;rc2;rct;bin;rgs;gif;jpg;jpeg;jpe;resx;tiff;tif;png;wav;mfcribbon-ms</Extensions>
    </Filter>
  </ItemGroup>
  <ItemGroup>
    <None Include="shaders\point_light.frag">
      <Filter>Resource Files</Filter>
    </None>
    <None Include="shaders\point_light.vert">
      <Filter>Resource Files</Filter>
    </None>
    <None Include="shaders\simple_shader.frag">
      <Filter>Resource Files</Filter>
    </None>
    <None Include="shaders\simple_shader.vert">
      <Filter>Resource Files</Filter>
    </None>
  </ItemGroup>
  <ItemGroup>
    <ClInclude Include="include\amas_buffer.hpp">
      <Filter>Header Files</Filter>
    </ClInclude>
    <ClInclude Include="include\amas_camera.hpp">
      <Filter>Header Files</Filter>
    </ClInclude>
    <ClInclude Include="include\amas_descriptors.hpp">
      <Filter>Header Files</Filter>
    </ClInclude>
    <ClInclude Include="include\amas_device.hpp">
      <Filter>Header Files</Filter>
    </ClInclude>
    <ClInclude Include="include\amas_frame_info.hpp">
      <Filter>Header Files</Filter>
    </ClInclude>
    <ClInclude Include="include\amas_game_object.hpp">
      <Filter>Header Files</Filter>
    </ClInclude>
    <ClInclude Include="include\amas_model.hpp">
      <Filter>Header Files</Filter>
    </ClInclude>
    <ClInclude Include="include\amas_pipeline.hpp">
      <Filter>Header Files</Filter>
    </ClInclude>
    <ClInclude Include="include\amas_renderer.hpp">
      <Filter>Header Files</Filter>
    </ClInclude>
    <ClInclude Include="include\amas_swap_chain.hpp">
      <Filter>Header Files</Filter>
    </ClInclude>
    <ClInclude Include="include\amas_texture.hpp">
      <Filter>Header Files</Filter>
    </ClInclude>
    <ClInclude Include="include\amas_utils.hpp">
      <Filter>Header Files</Filter>
    </ClInclude>
    <ClInclude Include="include\amas_window.hpp">
      <Filter>Header Files</Filter>
    </ClInclude>
    <ClInclude Include="include\app.hpp">
      <Filter>Header Files</Filter>
    </ClInclude>
    <ClInclude Include="include\keyboard_movement_controller.hpp">
      <Filter>Header Files</Filter>
    </ClInclude>
    <ClInclude Include="include\point_light_system.hpp">
      <Filter>Header Files</Filter>
    </ClInclude>
    <ClInclude Include="include\simple_render_system.hpp">
      <Filter>Header Files</Filter>
    </ClInclude>
  </ItemGroup>
  <ItemGroup>
    <ClCompile Include="src\amas_buffer.cpp">
      <Filter>Source Files</Filter>
    </ClCompile>
    <ClCompile Include="src\amas_camera.cpp">
      <Filter>Source Files</Filter>
    </ClCompile>
    <ClCompile Include="src\amas_desciptors.cpp">
      <Filter>Source Files</Filter>
    </ClCompile>
    <ClCompile Include="src\amas_device.cpp">
      <Filter>Source Files</Filter>
    </ClCompile>
    <ClCompile Include="src\amas_game_object.cpp">
      <Filter>Source Files</Filter>
    </ClCompile>
    <ClCompile Include="src\amas_model.cpp">
      <Filter>Source Files</Filter>
    </ClCompile>
    <ClCompile Include="src\amas_pipeline.cpp">
      <Filter>Source Files</Filter>
    </ClCompile>
    <ClCompile Include="src\amas_renderer.cpp">
      <Filter>Source Files</Filter>
    </ClCompile>
    <ClCompile Include="src\amas_swap_chain.cpp">
      <Filter>Source Files</Filter>
    </ClCompile>
    <ClCompile Include="src\amas_texture.cpp">
      <Filter>Source Files</Filter>
    </ClCompile>
    <ClCompile Include="src\amas_window.cpp">
      <Filter>Source Files</Filter>
    </ClCompile>
    <ClCompile Include="src\app.cpp">
      <Filter>Source Files</Filter>
    </ClCompile>
    <ClCompile Include="src\keyboard_movement_controller.cpp">
      <Filter>Source Files</Filter>
    </ClCompile>
    <ClCompile Include="src\main.cpp">
      <Filter>Source Files</Filter>
    </ClCompile>
    <ClCompile Include="src\point_light_system.cpp">
      <Filter>Source Files</Filter>
    </ClCompile>
    <ClCompile Include="src\simple_render_system.cpp">
      <Filter>Source Files</Filter>
    </ClCompile>
  </ItemGroup>
</Project>